
Microsoft Visual Studio Solution File, Format Version 12.00
# Visual Studio Version 17
VisualStudioVersion = 17.1.32210.238
MinimumVisualStudioVersion = 10.0.40219.1
Project("{2150E333-8FDC-42A3-9474-1A3956D46DE8}") = "src", "src", "{63EA3561-F430-4DF3-9067-AB5BB9182BF4}"
EndProject
Project("{2150E333-8FDC-42A3-9474-1A3956D46DE8}") = "tests", "tests", "{24DBF372-C9E0-4904-B67C-F45985535AB1}"
EndProject
Project("{2150E333-8FDC-42A3-9474-1A3956D46DE8}") = "Shared", "Shared", "{8E9113C9-41F9-442D-995D-6436C6209C93}"
EndProject
Project("{2150E333-8FDC-42A3-9474-1A3956D46DE8}") = "Web", "Web", "{ED799B9D-E148-4069-BF08-2781DEA9ABBE}"
EndProject
Project("{9A19103F-16F7-4668-BE54-9A1E7A4F7556}") = "Flow.WebAPI.Domain", "src\Web\Domain\Flow.WebAPI.Domain.csproj", "{3EDD5B5F-5967-4FA2-874E-1DC723CA5FC8}"
EndProject
Project("{9A19103F-16F7-4668-BE54-9A1E7A4F7556}") = "Flow.WebAPI.Application", "src\Web\Application\Flow.WebAPI.Application.csproj", "{1CFED7FD-C2E2-4383-961B-933FFA9D0660}"
EndProject
Project("{9A19103F-16F7-4668-BE54-9A1E7A4F7556}") = "Flow.WebAPI.Infrastructure", "src\Web\Infrastructure\Flow.WebAPI.Infrastructure.csproj", "{09AFDC9B-E83C-4459-A0D0-98754107AEFA}"
EndProject
Project("{9A19103F-16F7-4668-BE54-9A1E7A4F7556}") = "Flow.WebAPI", "src\Flow.ResourceManager.WebAPI\Flow.WebAPI.csproj", "{83C45A00-0497-4FCC-96DB-58564A6E5C01}"
EndProject
Global
	GlobalSection(SolutionConfigurationPlatforms) = preSolution
		Debug|Any CPU = Debug|Any CPU
		Release|Any CPU = Release|Any CPU
	EndGlobalSection
	GlobalSection(ProjectConfigurationPlatforms) = postSolution
		{3EDD5B5F-5967-4FA2-874E-1DC723CA5FC8}.Debug|Any CPU.ActiveCfg = Debug|Any CPU
		{3EDD5B5F-5967-4FA2-874E-1DC723CA5FC8}.Debug|Any CPU.Build.0 = Debug|Any CPU
		{3EDD5B5F-5967-4FA2-874E-1DC723CA5FC8}.Release|Any CPU.ActiveCfg = Release|Any CPU
		{3EDD5B5F-5967-4FA2-874E-1DC723CA5FC8}.Release|Any CPU.Build.0 = Release|Any CPU
		{1CFED7FD-C2E2-4383-961B-933FFA9D0660}.Debug|Any CPU.ActiveCfg = Debug|Any CPU
		{1CFED7FD-C2E2-4383-961B-933FFA9D0660}.Debug|Any CPU.Build.0 = Debug|Any CPU
		{1CFED7FD-C2E2-4383-961B-933FFA9D0660}.Release|Any CPU.ActiveCfg = Release|Any CPU
		{1CFED7FD-C2E2-4383-961B-933FFA9D0660}.Release|Any CPU.Build.0 = Release|Any CPU
		{09AFDC9B-E83C-4459-A0D0-98754107AEFA}.Debug|Any CPU.ActiveCfg = Debug|Any CPU
		{09AFDC9B-E83C-4459-A0D0-98754107AEFA}.Debug|Any CPU.Build.0 = Debug|Any CPU
		{09AFDC9B-E83C-4459-A0D0-98754107AEFA}.Release|Any CPU.ActiveCfg = Release|Any CPU
		{09AFDC9B-E83C-4459-A0D0-98754107AEFA}.Release|Any CPU.Build.0 = Release|Any CPU
		{83C45A00-0497-4FCC-96DB-58564A6E5C01}.Debug|Any CPU.ActiveCfg = Debug|Any CPU
		{83C45A00-0497-4FCC-96DB-58564A6E5C01}.Debug|Any CPU.Build.0 = Debug|Any CPU
		{83C45A00-0497-4FCC-96DB-58564A6E5C01}.Release|Any CPU.ActiveCfg = Release|Any CPU
		{83C45A00-0497-4FCC-96DB-58564A6E5C01}.Release|Any CPU.Build.0 = Release|Any CPU
	EndGlobalSection
	GlobalSection(SolutionProperties) = preSolution
		HideSolutionNode = FALSE
	EndGlobalSection
	GlobalSection(NestedProjects) = preSolution
		{8E9113C9-41F9-442D-995D-6436C6209C93} = {63EA3561-F430-4DF3-9067-AB5BB9182BF4}
		{ED799B9D-E148-4069-BF08-2781DEA9ABBE} = {63EA3561-F430-4DF3-9067-AB5BB9182BF4}
		{3EDD5B5F-5967-4FA2-874E-1DC723CA5FC8} = {ED799B9D-E148-4069-BF08-2781DEA9ABBE}
		{1CFED7FD-C2E2-4383-961B-933FFA9D0660} = {ED799B9D-E148-4069-BF08-2781DEA9ABBE}
		{09AFDC9B-E83C-4459-A0D0-98754107AEFA} = {ED799B9D-E148-4069-BF08-2781DEA9ABBE}
		{83C45A00-0497-4FCC-96DB-58564A6E5C01} = {ED799B9D-E148-4069-BF08-2781DEA9ABBE}
	EndGlobalSection
	GlobalSection(ExtensibilityGlobals) = postSolution
		SolutionGuid = {E2E3E78D-46B2-4B73-84FA-22075748ACA4}
	EndGlobalSection
EndGlobal
